github.com/Masterminds/semver/v3 v3.4.0 h1:Zog+i5UMtVoCU8oKka5P7i9q9HgrJeGzI9SA1Xbatp0=
github.com/Masterminds/semver/v3 v3.4.0/go.mod h1:4V+yj/TJE1HU9XfppCwVMZq3I84lprf4nC11bSS5beM=
github.com/Mellanox/rdmamap v1.1.0 h1:A/W1wAXw+6vm58f3VklrIylgV+eDJlPVIMaIKuxgUT4=
github.com/Mellanox/rdmamap v1.1.0/go.mod h1:fN+/V9lf10ABnDCwTaXRjeeWijLt2iVLETnK+sx/LY8=
github.com/containernetworking/cni v1.3.0 h1:v6EpN8RznAZj9765HhXQrtXgX+ECGebEYEmnuFjskwo=
github.com/containernetworking/cni v1.3.0/go.mod h1:Bs8glZjjFfGPHMw6hQu82RUgEPNGEaBb9KS5KtNMnJ4=
github.com/containernetworking/plugins v1.9.0 h1:Mg3SXBdRGkdXyFC4lcwr6u2ZB2SDeL6LC3U+QrEANuQ=
github.com/containernetworking/plugins v1.9.0/go.mod h1:JG3BxoJifxxHBhG3hFyxyhid7JgRVBu/wtooGEvWf1c=
github.com/coreos/go-iptables v0.8.0 h1:MPc2P89IhuVpLI7ETL/2tx3XZ61VeICZjYqDEgNsPRc=
github.com/coreos/go-iptables v0.8.0/go.mod h1:Qe8Bv2Xik5FyTXwgIbLAnv2sWSBmvWdFETJConOQ//Q=
github.com/davecgh/go-spew v1.1.2-0.20180830191138-d8f796af33cc h1:U9qPSI2PIWSS1VwoXQT9A3Wy9MM3WgvqSxFWenqJduM=
github.com/davecgh/go-spew v1.1.2-0.20180830191138-d8f796af33cc/go.mod h1:J7Y8YcW2NihsgmVo/mv3lAwl/skON4iLHjSsI+c5H38=
github.com/gkampitakis/ciinfo v0.3.2 h1:JcuOPk8ZU7nZQjdUhctuhQofk7BGHuIy0c9Ez8BNhXs=
github.com/gkampitakis/ciinfo v0.3.2/go.mod h1:1NIwaOcFChN4fa/B0hEBdAb6npDlFL8Bwx4dfRLRqAo=
github.com/gkampitakis/go-diff v1.3.2 h1:Qyn0J9XJSDTgnsgHRdz9Zp24RaJeKMUHg2+PDZZdC4M=
github.com/gkampitakis/go-diff v1.3.2/go.mod h1:LLgOrpqleQe26cte8s36HTWcTmMEur6OPYerdAAS9tk=
github.com/gkampitakis/go-snaps v0.5.15 h1:amyJrvM1D33cPHwVrjo9jQxX8g/7E2wYdZ+01KS3zGE=
github.com/gkampitakis/go-snaps v0.5.15/go.mod h1:HNpx/9GoKisdhw9AFOBT1N7DBs9DiHo/hGheFGBZ+mc=
github.com/go-logr/logr v1.4.3 h1:CjnDlHq8ikf6E492q6eKboGOC0T8CDaOvkHCIg8idEI=
github.com/go-logr/logr v1.4.3/go.mod h1:9T104GzyrTigFIr8wt5mBrctHMim0Nb2HLGrmQ40KvY=
github.com/go-task/slim-sprig/v3 v3.0.0 h1:sUs3vkvUymDpBKi3qH1YSqBQk9+9D/8M2mN1vB6EwHI=
github.com/go-task/slim-sprig/v3 v3.0.0/go.mod h1:W848ghGpv3Qj3dhTPRyJypKRiqCdHZiAzKg9hl15HA8=
github.com/goccy/go-yaml v1.18.0 h1:8W7wMFS12Pcas7KU+VVkaiCng+kG8QiFeFwzFb+rwuw=
github.com/goccy/go-yaml v1.18.0/go.mod h1:XBurs7gK8ATbW4ZPGKgcbrY1Br56PdM69F7LkFRi1kA=
github.com/gofrs/flock v0.13.0 h1:95JolYOvGMqeH31+FC7D2+uULf6mG61mEZ/A8dRYMzw=
github.com/gofrs/flock v0.13.0/go.mod h1:jxeyy9R1auM5S6JYDBhDt+E2TCo7DkratH4Pgi8P+Z0=
github.com/google/go-cmp v0.7.0 h1:wk8382ETsv4JYUZwIsn6YpYiWiBsYLSJiTsyBybVuN8=
github.com/google/go-cmp v0.7.0/go.mod h1:pXiqmnSA92OHEEa9HXL2W4E7lf9JzCmGVUdgjX3N/iU=
github.com/google/pprof v0.0.0-20250820193118-f64d9cf942d6 h1:EEHtgt9IwisQ2AZ4pIsMjahcegHh6rmhqxzIRQIyepY=
github.com/google/pprof v0.0.0-20250820193118-f64d9cf942d6/go.mod h1:I6V7YzU0XDpsHqbsyrghnFZLO1gwK6NPTNvmetQIk9U=
github.com/google/uuid v1.6.0 h1:NIvaJDMOsjHA8n1jAhLSgzrAzy1Hgr+hNrb57e+94F0=
github.com/google/uuid v1.6.0/go.mod h1:TIyPZe4MgqvfeYDBFedMoGGpEw/LqOeaOT+nhxU+yHo=
github.com/joshdk/go-junit v1.0.0 h1:S86cUKIdwBHWwA6xCmFlf3RTLfVXYQfvanM5Uh+K6GE=
github.com/joshdk/go-junit v1.0.0/go.mod h1:TiiV0PqkaNfFXjEiyjWM3XXrhVyCa1K4Zfga6W52ung=
github.com/k8snetworkplumbingwg/rdma-cni v1.5.0 h1:sJm7/Smob34Hhffhz13ID7YPVH+N8flf8M/qFpNQJ8E=
github.com/k8snetworkplumbingwg/rdma-cni v1.5.0/go.mod h1:om5VpWt5RG014xy48f/IsueLPJ+KWrXnpLSsa2nkWCg=
github.com/k8snetworkplumbingwg/sriovnet v1.2.0 h1:6ELfAxCB1dvosGUy3DVRmfH+HWTzmPD3W67HKQvMR1M=
github.com/k8snetworkplumbingwg/sriovnet v1.2.0/go.mod h1:jyWzGe6ZtYiPq6ih6aXCOy6mZ49Y9mNyBOLBBXnli+k=
github.com/kr/pretty v0.3.1 h1:flRD4NNwYAUpkphVc1HcthR4KEIFJ65n8Mw5qdRn3LE=
github.com/kr/pretty v0.3.1/go.mod h1:hoEshYVHaxMs3cyo3Yncou5ZscifuDolrwPKZanG3xk=
github.com/kr/text v0.2.0 h1:5Nx0Ya0ZqY2ygV366QzturHI13Jq95ApcVaJBhpS+AY=
github.com/kr/text v0.2.0/go.mod h1:eLer722TekiGuMkidMxC/pM04lWEeraHUUmBw8l2grE=
github.com/lithammer/dedent v1.1.0 h1:VNzHMVCBNG1j0fh3OrsFRkVUwStdDArbgBWoPAffktY=
github.com/lithammer/dedent v1.1.0/go.mod h1:jrXYCQtgg0nJiN+StA2KgR7w6CiQNv9Fd/Z9BP0jIOc=
github.com/maruel/natural v1.1.1 h1:Hja7XhhmvEFhcByqDoHz9QZbkWey+COd9xWfCfn1ioo=
github.com/maruel/natural v1.1.1/go.mod h1:v+Rfd79xlw1AgVBjbO0BEQmptqb5HvL/k9GRHB7ZKEg=
github.com/mfridman/tparse v0.18.0 h1:wh6dzOKaIwkUGyKgOntDW4liXSo37qg5AXbIhkMV3vE=
github.com/mfridman/tparse v0.18.0/go.mod h1:gEvqZTuCgEhPbYk/2lS3Kcxg1GmTxxU7kTC8DvP0i/A=
github.com/onsi/ginkgo/v2 v2.27.3 h1:ICsZJ8JoYafeXFFlFAG75a7CxMsJHwgKwtO+82SE9L8=
github.com/onsi/ginkgo/v2 v2.27.3/go.mod h1:ArE1D/XhNXBXCBkKOLkbsb2c81dQHCRcF5zwn/ykDRo=
github.com/onsi/gomega v1.38.3 h1:eTX+W6dobAYfFeGC2PV6RwXRu/MyT+cQguijutvkpSM=
github.com/onsi/gomega v1.38.3/go.mod h1:ZCU1pkQcXDO5Sl9/VVEGlDyp+zm0m1cmeG5TOzLgdh4=
github.com/pkg/errors v0.9.1 h1:FEBLx1zS214owpjy7qsBeixbURkuhQAwrK5UwLGTwt4=
github.com/pkg/errors v0.9.1/go.mod h1:bwawxfHBFNV+L2hUp1rHADufV3IMtnDRdf1r5NINEl0=
github.com/pmezard/go-difflib v1.0.1-0.20181226105442-5d4384ee4fb2 h1:Jamvg5psRIccs7FGNTlIRMkT8wgtp5eCXdBlqhYGL6U=
github.com/pmezard/go-difflib v1.0.1-0.20181226105442-5d4384ee4fb2/go.mod h1:iKH77koFhYxTK1pcRnkKkqfTogsbg7gZNVY4sRDYZ/4=
github.com/rogpeppe/go-internal v1.14.1 h1:UQB4HGPB6osV0SQTLymcB4TgvyWu6ZyliaW0tI/otEQ=
github.com/rogpeppe/go-internal v1.14.1/go.mod h1:MaRKkUm5W0goXpeCfT7UZI6fk/L7L7so1lCWt35ZSgc=
github.com/safchain/ethtool v0.6.2 h1:O3ZPFAKEUEfbtE6J/feEe2Ft7dIJ2Sy8t4SdMRiIMHY=
github.com/safchain/ethtool v0.6.2/go.mod h1:VS7cn+bP3Px3rIq55xImBiZGHVLNyBh5dqG6dDQy8+I=
github.com/spf13/afero v1.14.0 h1:9tH6MapGnn/j0eb0yIXiLjERO8RB6xIVZRDCX7PtqWA=
github.com/spf13/afero v1.14.0/go.mod h1:acJQ8t0ohCGuMN3O+Pv0V0hgMxNYDlvdk+VTfyZmbYo=
github.com/stretchr/objx v0.5.2 h1:xuMeJ0Sdp5ZMRXx/aWO6RZxdr3beISkG5/G/aIRr3pY=
github.com/stretchr/objx v0.5.2/go.mod h1:FRsXN1f5AsAjCGJKqEizvkpNtU+EGNCLh3NxZ/8L+MA=
github.com/stretchr/testify v1.11.1 h1:7s2iGBzp5EwR7/aIZr8ao5+dra3wiQyKjjFuvgVKu7U=
github.com/stretchr/testify v1.11.1/go.mod h1:wZwfW3scLgRK+23gO65QZefKpKQRnfz6sD981Nm4B6U=
github.com/tidwall/gjson v1.18.0 h1:FIDeeyB800efLX89e5a8Y0BNH+LOngJyGrIWxG2FKQY=
github.com/tidwall/gjson v1.18.0/go.mod h1:/wbyibRr2FHMks5tjHJ5F8dMZh3AcwJEMf5vlfC0lxk=
github.com/tidwall/match v1.1.1 h1:+Ho715JplO36QYgwN9PGYNhgZvoUSc9X2c80KVTi+GA=
github.com/tidwall/match v1.1.1/go.mod h1:eRSPERbgtNPcGhD8UCthc6PmLEQXEWd3PRB5JTxsfmM=
github.com/tidwall/pretty v1.2.1 h1:qjsOFOWWQl+N3RsoF5/ssm1pHmJJwhjlSbZ51I6wMl4=
github.com/tidwall/pretty v1.2.1/go.mod h1:ITEVvHYasfjBbM0u2Pg8T2nJnzm8xPwvNhhsoaGGjNU=
github.com/tidwall/sjson v1.2.5 h1:kLy8mja+1c9jlljvWTlSazM7cKDRfJuR/bOJhcY5NcY=
github.com/tidwall/sjson v1.2.5/go.mod h1:Fvgq9kS/6ociJEDnK0Fk1cpYF4FIW6ZF7LAe+6jwd28=
github.com/vishvananda/netlink v1.1.0/go.mod h1:cTgwzPIzzgDAYoQrMm0EdrjRUBkTqKYppBueQtXaqoE=
github.com/vishvananda/netlink v1.3.1 h1:3AEMt62VKqz90r0tmNhog0r/PpWKmrEShJU0wJW6bV0=
github.com/vishvananda/netlink v1.3.1/go.mod h1:ARtKouGSTGchR8aMwmkzC0qiNPrrWO5JS/XMVl45+b4=
github.com/vishvananda/netns v0.0.0-20191106174202-0a2b9b5464df/go.mod h1:JP3t17pCcGlemwknint6hfoeCVQrEMVwxRLRjXpq+BU=
github.com/vishvananda/netns v0.0.5 h1:DfiHV+j8bA32MFM7bfEunvT8IAqQ/NzSJHtcmW5zdEY=
github.com/vishvananda/netns v0.0.5/go.mod h1:SpkAiCQRtJ6TvvxPnOSyH3BMl6unz3xZlaprSwhNNJM=
go.yaml.in/yaml/v3 v3.0.4 h1:tfq32ie2Jv2UxXFdLJdh3jXuOzWiL1fo0bu/FbuKpbc=
go.yaml.in/yaml/v3 v3.0.4/go.mod h1:DhzuOOF2ATzADvBadXxruRBLzYTpT36CKvDb3+aBEFg=
golang.org/x/mod v0.27.0 h1:kb+q2PyFnEADO2IEF935ehFUXlWiNjJWtRNgBLSfbxQ=
golang.org/x/mod v0.27.0/go.mod h1:rWI627Fq0DEoudcK+MBkNkCe0EetEaDSwJJkCcjpazc=
golang.org/x/net v0.43.0 h1:lat02VYK2j4aLzMzecihNvTlJNQUq316m2Mr9rnM6YE=
golang.org/x/net v0.43.0/go.mod h1:vhO1fvI4dGsIjh73sWfUVjj3N7CA9WkKJNQm2svM6Jg=
golang.org/x/sync v0.16.0 h1:ycBJEhp9p4vXvUZNszeOq0kGTPghopOL8q0fq3vstxw=
golang.org/x/sync v0.16.0/go.mod h1:1dzgHSNfp02xaA81J2MS99Qcpr2w7fw1gpm99rleRqA=
golang.org/x/sys v0.0.0-20190606203320-7fc4e5ec1444/go.mod h1:h1NjWce9XRLGQEsW7wpKNCjG9DtNlClVuFLEZdDNbEs=
golang.org/x/sys v0.2.0/go.mod h1:oPkhp1MJrh7nUepCBck5+mAzfO9JrbApNNgaTdGDITg=
golang.org/x/sys v0.10.0/go.mod h1:oPkhp1MJrh7nUepCBck5+mAzfO9JrbApNNgaTdGDITg=
golang.org/x/sys v0.37.0 h1:fdNQudmxPjkdUTPnLn5mdQv7Zwvbvpaxqs831goi9kQ=
golang.org/x/sys v0.37.0/go.mod h1:OgkHotnGiDImocRcuBABYBEXf8A9a87e/uXjp9XT3ks=
golang.org/x/text v0.28.0 h1:rhazDwis8INMIwQ4tpjLDzUhx6RlXqZNPEM0huQojng=
golang.org/x/text v0.28.0/go.mod h1:U8nCwOR8jO/marOQ0QbDiOngZVEBB7MAiitBuMjXiNU=
golang.org/x/tools v0.36.0 h1:kWS0uv/zsvHEle1LbV5LE8QujrxB3wfQyxHfhOk0Qkg=
golang.org/x/tools v0.36.0/go.mod h1:WBDiHKJK8YgLHlcQPYQzNCkUxUypCaa5ZegCVutKm+s=
google.golang.org/protobuf v1.36.7 h1:IgrO7UwFQGJdRNXH/sQux4R1Dj1WAKcLElzeeRaXV2A=
google.golang.org/protobuf v1.36.7/go.mod h1:jduwjTPXsFjZGTmRluh+L6NjiWu7pchiJ2/5YcXBHnY=
gopkg.in/check.v1 v0.0.0-20161208181325-20d25e280405/go.mod h1:Co6ibVJAznAaIkqp8huTwlJQCZ016jof/cbN4VW5Yz0=
gopkg.in/check.v1 v1.0.0-20201130134442-10cb98267c6c h1:Hei/4ADfdWqJk1ZMxUNpqntNwaWcugrBjAiHlqqRiVk=
gopkg.in/check.v1 v1.0.0-20201130134442-10cb98267c6c/go.mod h1:JHkPIbrfpd72SG/EVd6muEfDQjcINNoR0C8j2r3qZ4Q=
gopkg.in/yaml.v3 v3.0.1 h1:fxVm/GzAzEWqLHuvctI91KS9hhNmmWOoWu0XTYJS7CA=
gopkg.in/yaml.v3 v3.0.1/go.mod h1:K4uyk7z7BCEPqu6E+C64Yfv1cQ7kz7rIZviUmN+EgEM=
sigs.k8s.io/knftables v0.0.18 h1:6Duvmu0s/HwGifKrtl6G3AyAPYlWiZqTgS8bkVMiyaE=
sigs.k8s.io/knftables v0.0.18/go.mod h1:f/5ZLKYEUPUhVjUCg6l80ACdL7CIIyeL0DxfgojGRTk=
